
Microsoft Visual Studio Solution File, Format Version 12.00
# Visual Studio Version 16
VisualStudioVersion = 16.0.30104.148
MinimumVisualStudioVersion = 10.0.40219.1
Project("{9A19103F-16F7-4668-BE54-9A1E7A4F7556}") = "ERPForServiceActivity.App", "ERPForServiceActivity.App\ERPForServiceActivity.App.csproj", "{811C7A6E-C2FF-4C87-82A1-CBC68EF3D3A6}"
EndProject
Project("{9A19103F-16F7-4668-BE54-9A1E7A4F7556}") = "ERPForServiceActivity.API", "ERPForServiceActivity.API\ERPForServiceActivity.API.csproj", "{EBA155D6-FBC1-4E09-98CB-4E10F2D94C46}"
EndProject
Project("{FAE04EC0-301F-11D3-BF4B-00C04F79EFBC}") = "ERPForServiceActivity.Common", "ERPForServiceActivity.Common\ERPForServiceActivity.Common.csproj", "{DC6DC48D-0583-4B8F-854A-55278792093D}"
EndProject
Project("{FAE04EC0-301F-11D3-BF4B-00C04F79EFBC}") = "ERPForServiceActivity.CommonModels", "ERPForServiceActivity.CommonModels\ERPForServiceActivity.CommonModels.csproj", "{3276546C-653D-477F-A3E0-9DD0DF055169}"
EndProject
Project("{FAE04EC0-301F-11D3-BF4B-00C04F79EFBC}") = "ERPForServiceActivity.Models", "ERPForServiceActivity.Models\ERPForServiceActivity.Models.csproj", "{8A481BCB-7129-4102-8322-3FE297D26133}"
EndProject
Global
	GlobalSection(SolutionConfigurationPlatforms) = preSolution
		Debug|Any CPU = Debug|Any CPU
		Release|Any CPU = Release|Any CPU
	EndGlobalSection
	GlobalSection(ProjectConfigurationPlatforms) = postSolution
		{811C7A6E-C2FF-4C87-82A1-CBC68EF3D3A6}.Debug|Any CPU.ActiveCfg = Debug|Any CPU
		{811C7A6E-C2FF-4C87-82A1-CBC68EF3D3A6}.Debug|Any CPU.Build.0 = Debug|Any CPU
		{811C7A6E-C2FF-4C87-82A1-CBC68EF3D3A6}.Release|Any CPU.ActiveCfg = Release|Any CPU
		{811C7A6E-C2FF-4C87-82A1-CBC68EF3D3A6}.Release|Any CPU.Build.0 = Release|Any CPU
		{EBA155D6-FBC1-4E09-98CB-4E10F2D94C46}.Debug|Any CPU.ActiveCfg = Debug|Any CPU
		{EBA155D6-FBC1-4E09-98CB-4E10F2D94C46}.Debug|Any CPU.Build.0 = Debug|Any CPU
		{EBA155D6-FBC1-4E09-98CB-4E10F2D94C46}.Release|Any CPU.ActiveCfg = Release|Any CPU
		{EBA155D6-FBC1-4E09-98CB-4E10F2D94C46}.Release|Any CPU.Build.0 = Release|Any CPU
		{DC6DC48D-0583-4B8F-854A-55278792093D}.Debug|Any CPU.ActiveCfg = Debug|Any CPU
		{DC6DC48D-0583-4B8F-854A-55278792093D}.Debug|Any CPU.Build.0 = Debug|Any CPU
		{DC6DC48D-0583-4B8F-854A-55278792093D}.Release|Any CPU.ActiveCfg = Release|Any CPU
		{DC6DC48D-0583-4B8F-854A-55278792093D}.Release|Any CPU.Build.0 = Release|Any CPU
		{3276546C-653D-477F-A3E0-9DD0DF055169}.Debug|Any CPU.ActiveCfg = Debug|Any CPU
		{3276546C-653D-477F-A3E0-9DD0DF055169}.Debug|Any CPU.Build.0 = Debug|Any CPU
		{3276546C-653D-477F-A3E0-9DD0DF055169}.Release|Any CPU.ActiveCfg = Release|Any CPU
		{3276546C-653D-477F-A3E0-9DD0DF055169}.Release|Any CPU.Build.0 = Release|Any CPU
		{8A481BCB-7129-4102-8322-3FE297D26133}.Debug|Any CPU.ActiveCfg = Debug|Any CPU
		{8A481BCB-7129-4102-8322-3FE297D26133}.Debug|Any CPU.Build.0 = Debug|Any CPU
		{8A481BCB-7129-4102-8322-3FE297D26133}.Release|Any CPU.ActiveCfg = Release|Any CPU
		{8A481BCB-7129-4102-8322-3FE297D26133}.Release|Any CPU.Build.0 = Release|Any CPU
	EndGlobalSection
	GlobalSection(SolutionProperties) = preSolution
		HideSolutionNode = FALSE
	EndGlobalSection
	GlobalSection(ExtensibilityGlobals) = postSolution
		SolutionGuid = {C037AAE7-0789-40F1-9274-A34BAE85A2A4}
	EndGlobalSection
EndGlobal
