
Microsoft Visual Studio Solution File, Format Version 12.00
# Visual Studio Version 16
VisualStudioVersion = 16.0.29503.13
MinimumVisualStudioVersion = 10.0.40219.1
Project("{9A19103F-16F7-4668-BE54-9A1E7A4F7556}") = "ERPForServiceActivity.Common", "ERPForServiceActivity.Common\ERPForServiceActivity.Common.csproj", "{B0BFFC70-22A7-4A8C-BE94-36E79CDD101F}"
EndProject
Project("{9A19103F-16F7-4668-BE54-9A1E7A4F7556}") = "ERPForServiceActivity.CommonModels", "ERPForServiceActivity.CommonModels\ERPForServiceActivity.CommonModels.csproj", "{4FA56183-E418-4802-BD46-92BD6817FD18}"
EndProject
Project("{9A19103F-16F7-4668-BE54-9A1E7A4F7556}") = "ERPForServiceActivity.Data", "ERPForServiceActivity.Data\ERPForServiceActivity.Data.csproj", "{80B7F124-3375-49B6-9A2F-9954268E99DF}"
EndProject
Project("{9A19103F-16F7-4668-BE54-9A1E7A4F7556}") = "ERPForServiceActivity.Models", "ERPForServiceActivity.Models\ERPForServiceActivity.Models.csproj", "{9DEEAECE-773C-43F4-8E98-0318A1B72A0B}"
EndProject
Project("{9A19103F-16F7-4668-BE54-9A1E7A4F7556}") = "ERPForServiceActivity.Services", "ERPForServiceActivity.Services\ERPForServiceActivity.Services.csproj", "{CC9F9754-465C-4D25-8FA4-7788FA833AC4}"
EndProject
Project("{9A19103F-16F7-4668-BE54-9A1E7A4F7556}") = "ERPForServiceActivity.Tests", "ERPForServiceActivity.Tests\ERPForServiceActivity.Tests.csproj", "{9795F9FE-9632-4D2A-811B-810FFF54E202}"
EndProject
Project("{9A19103F-16F7-4668-BE54-9A1E7A4F7556}") = "ERPForServiceActivity.Security", "ERPForServiceActivity.Security\ERPForServiceActivity.Security.csproj", "{833C8932-1AA6-404C-AD3D-A4F52A398561}"
EndProject
Project("{9A19103F-16F7-4668-BE54-9A1E7A4F7556}") = "ERPForServiceActivity.DataFromImage", "ERPForServiceActivity.DataFromImage\ERPForServiceActivity.DataFromImage.csproj", "{B6232725-3A71-4885-BFF1-15593FAB0234}"
EndProject
Project("{9A19103F-16F7-4668-BE54-9A1E7A4F7556}") = "ERPForServiceActivity.App", "ERPForServiceActivity.App\ERPForServiceActivity.App.csproj", "{D58AA967-BD11-4A5D-A42E-D3CA86867C33}"
EndProject
Global
	GlobalSection(SolutionConfigurationPlatforms) = preSolution
		Debug|Any CPU = Debug|Any CPU
		Release|Any CPU = Release|Any CPU
	EndGlobalSection
	GlobalSection(ProjectConfigurationPlatforms) = postSolution
		{B0BFFC70-22A7-4A8C-BE94-36E79CDD101F}.Debug|Any CPU.ActiveCfg = Debug|Any CPU
		{B0BFFC70-22A7-4A8C-BE94-36E79CDD101F}.Debug|Any CPU.Build.0 = Debug|Any CPU
		{B0BFFC70-22A7-4A8C-BE94-36E79CDD101F}.Release|Any CPU.ActiveCfg = Release|Any CPU
		{B0BFFC70-22A7-4A8C-BE94-36E79CDD101F}.Release|Any CPU.Build.0 = Release|Any CPU
		{4FA56183-E418-4802-BD46-92BD6817FD18}.Debug|Any CPU.ActiveCfg = Debug|Any CPU
		{4FA56183-E418-4802-BD46-92BD6817FD18}.Debug|Any CPU.Build.0 = Debug|Any CPU
		{4FA56183-E418-4802-BD46-92BD6817FD18}.Release|Any CPU.ActiveCfg = Release|Any CPU
		{4FA56183-E418-4802-BD46-92BD6817FD18}.Release|Any CPU.Build.0 = Release|Any CPU
		{80B7F124-3375-49B6-9A2F-9954268E99DF}.Debug|Any CPU.ActiveCfg = Debug|Any CPU
		{80B7F124-3375-49B6-9A2F-9954268E99DF}.Debug|Any CPU.Build.0 = Debug|Any CPU
		{80B7F124-3375-49B6-9A2F-9954268E99DF}.Release|Any CPU.ActiveCfg = Release|Any CPU
		{80B7F124-3375-49B6-9A2F-9954268E99DF}.Release|Any CPU.Build.0 = Release|Any CPU
		{9DEEAECE-773C-43F4-8E98-0318A1B72A0B}.Debug|Any CPU.ActiveCfg = Debug|Any CPU
		{9DEEAECE-773C-43F4-8E98-0318A1B72A0B}.Debug|Any CPU.Build.0 = Debug|Any CPU
		{9DEEAECE-773C-43F4-8E98-0318A1B72A0B}.Release|Any CPU.ActiveCfg = Release|Any CPU
		{9DEEAECE-773C-43F4-8E98-0318A1B72A0B}.Release|Any CPU.Build.0 = Release|Any CPU
		{CC9F9754-465C-4D25-8FA4-7788FA833AC4}.Debug|Any CPU.ActiveCfg = Debug|Any CPU
		{CC9F9754-465C-4D25-8FA4-7788FA833AC4}.Debug|Any CPU.Build.0 = Debug|Any CPU
		{CC9F9754-465C-4D25-8FA4-7788FA833AC4}.Release|Any CPU.ActiveCfg = Release|Any CPU
		{CC9F9754-465C-4D25-8FA4-7788FA833AC4}.Release|Any CPU.Build.0 = Release|Any CPU
		{9795F9FE-9632-4D2A-811B-810FFF54E202}.Debug|Any CPU.ActiveCfg = Debug|Any CPU
		{9795F9FE-9632-4D2A-811B-810FFF54E202}.Debug|Any CPU.Build.0 = Debug|Any CPU
		{9795F9FE-9632-4D2A-811B-810FFF54E202}.Release|Any CPU.ActiveCfg = Release|Any CPU
		{9795F9FE-9632-4D2A-811B-810FFF54E202}.Release|Any CPU.Build.0 = Release|Any CPU
		{833C8932-1AA6-404C-AD3D-A4F52A398561}.Debug|Any CPU.ActiveCfg = Debug|Any CPU
		{833C8932-1AA6-404C-AD3D-A4F52A398561}.Debug|Any CPU.Build.0 = Debug|Any CPU
		{833C8932-1AA6-404C-AD3D-A4F52A398561}.Release|Any CPU.ActiveCfg = Release|Any CPU
		{833C8932-1AA6-404C-AD3D-A4F52A398561}.Release|Any CPU.Build.0 = Release|Any CPU
		{B6232725-3A71-4885-BFF1-15593FAB0234}.Debug|Any CPU.ActiveCfg = Debug|Any CPU
		{B6232725-3A71-4885-BFF1-15593FAB0234}.Debug|Any CPU.Build.0 = Debug|Any CPU
		{B6232725-3A71-4885-BFF1-15593FAB0234}.Release|Any CPU.ActiveCfg = Release|Any CPU
		{B6232725-3A71-4885-BFF1-15593FAB0234}.Release|Any CPU.Build.0 = Release|Any CPU
		{D58AA967-BD11-4A5D-A42E-D3CA86867C33}.Debug|Any CPU.ActiveCfg = Debug|Any CPU
		{D58AA967-BD11-4A5D-A42E-D3CA86867C33}.Debug|Any CPU.Build.0 = Debug|Any CPU
		{D58AA967-BD11-4A5D-A42E-D3CA86867C33}.Release|Any CPU.ActiveCfg = Release|Any CPU
		{D58AA967-BD11-4A5D-A42E-D3CA86867C33}.Release|Any CPU.Build.0 = Release|Any CPU
	EndGlobalSection
	GlobalSection(SolutionProperties) = preSolution
		HideSolutionNode = FALSE
	EndGlobalSection
	GlobalSection(ExtensibilityGlobals) = postSolution
		SolutionGuid = {4E27ACDE-46DD-48DA-ACC5-CF612A471FE6}
	EndGlobalSection
EndGlobal
