
Microsoft Visual Studio Solution File, Format Version 12.00
# Visual Studio Version 16
VisualStudioVersion = 16.0.30104.148
MinimumVisualStudioVersion = 10.0.40219.1
Project("{FAE04EC0-301F-11D3-BF4B-00C04F79EFBC}") = "ERPForServiceActivity.App", "ERPForServiceActivity.App\ERPForServiceActivity.App.csproj", "{3E9E59C6-0A1A-4E50-935A-544D94111657}"
EndProject
Project("{FAE04EC0-301F-11D3-BF4B-00C04F79EFBC}") = "ERPForServiceActivity.API", "ERPForServiceActivity.API\ERPForServiceActivity.API.csproj", "{5A5DAF9A-53A9-4594-830B-DB610A861D9A}"
EndProject
Project("{FAE04EC0-301F-11D3-BF4B-00C04F79EFBC}") = "ERPForServiceActivity.Common", "ERPForServiceActivity.Common\ERPForServiceActivity.Common.csproj", "{69BAB9E3-E0E4-4B17-B497-980D8FA80797}"
EndProject
Project("{FAE04EC0-301F-11D3-BF4B-00C04F79EFBC}") = "ERPForServiceActivity.CommonModels", "ERPForServiceActivity.CommonModels\ERPForServiceActivity.CommonModels.csproj", "{1CD78262-6E18-4F48-B20F-0D891F5BC40B}"
EndProject
Global
	GlobalSection(SolutionConfigurationPlatforms) = preSolution
		Debug|Any CPU = Debug|Any CPU
		Release|Any CPU = Release|Any CPU
	EndGlobalSection
	GlobalSection(ProjectConfigurationPlatforms) = postSolution
		{3E9E59C6-0A1A-4E50-935A-544D94111657}.Debug|Any CPU.ActiveCfg = Debug|Any CPU
		{3E9E59C6-0A1A-4E50-935A-544D94111657}.Debug|Any CPU.Build.0 = Debug|Any CPU
		{3E9E59C6-0A1A-4E50-935A-544D94111657}.Release|Any CPU.ActiveCfg = Release|Any CPU
		{3E9E59C6-0A1A-4E50-935A-544D94111657}.Release|Any CPU.Build.0 = Release|Any CPU
		{5A5DAF9A-53A9-4594-830B-DB610A861D9A}.Debug|Any CPU.ActiveCfg = Debug|Any CPU
		{5A5DAF9A-53A9-4594-830B-DB610A861D9A}.Debug|Any CPU.Build.0 = Debug|Any CPU
		{5A5DAF9A-53A9-4594-830B-DB610A861D9A}.Release|Any CPU.ActiveCfg = Release|Any CPU
		{5A5DAF9A-53A9-4594-830B-DB610A861D9A}.Release|Any CPU.Build.0 = Release|Any CPU
		{69BAB9E3-E0E4-4B17-B497-980D8FA80797}.Debug|Any CPU.ActiveCfg = Debug|Any CPU
		{69BAB9E3-E0E4-4B17-B497-980D8FA80797}.Debug|Any CPU.Build.0 = Debug|Any CPU
		{69BAB9E3-E0E4-4B17-B497-980D8FA80797}.Release|Any CPU.ActiveCfg = Release|Any CPU
		{69BAB9E3-E0E4-4B17-B497-980D8FA80797}.Release|Any CPU.Build.0 = Release|Any CPU
		{1CD78262-6E18-4F48-B20F-0D891F5BC40B}.Debug|Any CPU.ActiveCfg = Debug|Any CPU
		{1CD78262-6E18-4F48-B20F-0D891F5BC40B}.Debug|Any CPU.Build.0 = Debug|Any CPU
		{1CD78262-6E18-4F48-B20F-0D891F5BC40B}.Release|Any CPU.ActiveCfg = Release|Any CPU
		{1CD78262-6E18-4F48-B20F-0D891F5BC40B}.Release|Any CPU.Build.0 = Release|Any CPU
	EndGlobalSection
	GlobalSection(SolutionProperties) = preSolution
		HideSolutionNode = FALSE
	EndGlobalSection
	GlobalSection(ExtensibilityGlobals) = postSolution
		SolutionGuid = {687A8405-4790-4235-8764-CD424AA418F6}
	EndGlobalSection
EndGlobal
