
Microsoft Visual Studio Solution File, Format Version 12.00
# Visual Studio Version 16
VisualStudioVersion = 16.0.30204.135
MinimumVisualStudioVersion = 10.0.40219.1
Project("{FAE04EC0-301F-11D3-BF4B-00C04F79EFBC}") = "ERPForServiceActivity.App", "ERPForServiceActivity.App\ERPForServiceActivity.App.csproj", "{332FBABE-A332-45D3-A653-A34EFF8E9C05}"
EndProject
Project("{FAE04EC0-301F-11D3-BF4B-00C04F79EFBC}") = "ERPForServiceActivity.Security", "ERPForServiceActivity.Security\ERPForServiceActivity.Security.csproj", "{611A2AF8-5E20-4A6D-ABEF-D5A005F71675}"
EndProject
Project("{FAE04EC0-301F-11D3-BF4B-00C04F79EFBC}") = "ERPForServiceActivty.CommonModels", "ERPForServiceActivty.CommonModels\ERPForServiceActivty.CommonModels.csproj", "{C7105D34-FE20-44D1-82AF-200A6EC7464C}"
EndProject
Global
	GlobalSection(SolutionConfigurationPlatforms) = preSolution
		Debug|Any CPU = Debug|Any CPU
		Release|Any CPU = Release|Any CPU
	EndGlobalSection
	GlobalSection(ProjectConfigurationPlatforms) = postSolution
		{332FBABE-A332-45D3-A653-A34EFF8E9C05}.Debug|Any CPU.ActiveCfg = Debug|Any CPU
		{332FBABE-A332-45D3-A653-A34EFF8E9C05}.Debug|Any CPU.Build.0 = Debug|Any CPU
		{332FBABE-A332-45D3-A653-A34EFF8E9C05}.Release|Any CPU.ActiveCfg = Release|Any CPU
		{332FBABE-A332-45D3-A653-A34EFF8E9C05}.Release|Any CPU.Build.0 = Release|Any CPU
		{611A2AF8-5E20-4A6D-ABEF-D5A005F71675}.Debug|Any CPU.ActiveCfg = Debug|Any CPU
		{611A2AF8-5E20-4A6D-ABEF-D5A005F71675}.Debug|Any CPU.Build.0 = Debug|Any CPU
		{611A2AF8-5E20-4A6D-ABEF-D5A005F71675}.Release|Any CPU.ActiveCfg = Release|Any CPU
		{611A2AF8-5E20-4A6D-ABEF-D5A005F71675}.Release|Any CPU.Build.0 = Release|Any CPU
		{C7105D34-FE20-44D1-82AF-200A6EC7464C}.Debug|Any CPU.ActiveCfg = Debug|Any CPU
		{C7105D34-FE20-44D1-82AF-200A6EC7464C}.Debug|Any CPU.Build.0 = Debug|Any CPU
		{C7105D34-FE20-44D1-82AF-200A6EC7464C}.Release|Any CPU.ActiveCfg = Release|Any CPU
		{C7105D34-FE20-44D1-82AF-200A6EC7464C}.Release|Any CPU.Build.0 = Release|Any CPU
	EndGlobalSection
	GlobalSection(SolutionProperties) = preSolution
		HideSolutionNode = FALSE
	EndGlobalSection
	GlobalSection(ExtensibilityGlobals) = postSolution
		SolutionGuid = {3421BE00-38E0-486F-9AD3-B8F95C77DE7B}
	EndGlobalSection
EndGlobal
