
Microsoft Visual Studio Solution File, Format Version 12.00
# Visual Studio Version 16
VisualStudioVersion = 16.0.29806.167
MinimumVisualStudioVersion = 10.0.40219.1
Project("{FAE04EC0-301F-11D3-BF4B-00C04F79EFBC}") = "ERPForServiceActivity.App", "ERPForServiceActivity.App\ERPForServiceActivity.App.csproj", "{0027F20C-5C80-4E09-9492-53B5AC71F6DD}"
EndProject
Project("{FAE04EC0-301F-11D3-BF4B-00C04F79EFBC}") = "ERPForServiceActivity.API", "ERPForServiceActivity.API\ERPForServiceActivity.API.csproj", "{5DC880B6-0B9D-4389-90F0-3AE71B86CB92}"
EndProject
Global
	GlobalSection(SolutionConfigurationPlatforms) = preSolution
		Debug|Any CPU = Debug|Any CPU
		Release|Any CPU = Release|Any CPU
	EndGlobalSection
	GlobalSection(ProjectConfigurationPlatforms) = postSolution
		{0027F20C-5C80-4E09-9492-53B5AC71F6DD}.Debug|Any CPU.ActiveCfg = Debug|Any CPU
		{0027F20C-5C80-4E09-9492-53B5AC71F6DD}.Debug|Any CPU.Build.0 = Debug|Any CPU
		{0027F20C-5C80-4E09-9492-53B5AC71F6DD}.Release|Any CPU.ActiveCfg = Release|Any CPU
		{0027F20C-5C80-4E09-9492-53B5AC71F6DD}.Release|Any CPU.Build.0 = Release|Any CPU
		{5DC880B6-0B9D-4389-90F0-3AE71B86CB92}.Debug|Any CPU.ActiveCfg = Debug|Any CPU
		{5DC880B6-0B9D-4389-90F0-3AE71B86CB92}.Debug|Any CPU.Build.0 = Debug|Any CPU
		{5DC880B6-0B9D-4389-90F0-3AE71B86CB92}.Release|Any CPU.ActiveCfg = Release|Any CPU
		{5DC880B6-0B9D-4389-90F0-3AE71B86CB92}.Release|Any CPU.Build.0 = Release|Any CPU
	EndGlobalSection
	GlobalSection(SolutionProperties) = preSolution
		HideSolutionNode = FALSE
	EndGlobalSection
	GlobalSection(ExtensibilityGlobals) = postSolution
		SolutionGuid = {5C0E71E9-E4F5-473A-869C-A7E1754B9738}
	EndGlobalSection
EndGlobal
